<?xml version="1.0" encoding="UTF-8"?>
<!DOCTYPE plist PUBLIC "-//Apple//DTD PLIST 1.0//EN" "http://www.apple.com/DTDs/PropertyList-1.0.dtd">
<plist version="1.0">
<dict>
	<key>archiveVersion</key>
	<string>1</string>
	<key>classes</key>
	<dict/>
	<key>objectVersion</key>
	<string>77</string>
	<key>objects</key>
	<dict>
		<key>A00000000000000000000001</key>
		<dict>
			<key>isa</key>
			<string>PBXBuildFile</string>
			<key>fileRef</key>
			<string>B00000000000000000000001</string>
		</dict>
		<key>A00000000000000000000002</key>
		<dict>
			<key>isa</key>
			<string>PBXBuildFile</string>
			<key>fileRef</key>
			<string>B00000000000000000000002</string>
		</dict>
		<key>A00000000000000000000003</key>
		<dict>
			<key>isa</key>
			<string>PBXBuildFile</string>
			<key>fileRef</key>
			<string>B00000000000000000000003</string>
		</dict>
		<key>A00000000000000000000004</key>
		<dict>
			<key>isa</key>
			<string>PBXBuildFile</string>
			<key>fileRef</key>
			<string>B00000000000000000000004</string>
		</dict>
		<key>A00000000000000000000005</key>
		<dict>
			<key>isa</key>
			<string>PBXBuildFile</string>
			<key>fileRef</key>
			<string>B00000000000000000000005</string>
		</dict>
		<key>B00000000000000000000001</key>
		<dict>
			<key>isa</key>
			<string>PBXFileReference</string>
			<key>lastKnownFileType</key>
			<string>sourcecode.swift</string>
			<key>path</key>
			<string>AetherflowControlCenterApp.swift</string>
			<key>sourceTree</key>
			<string>&lt;group&gt;</string>
		</dict>
		<key>B00000000000000000000002</key>
		<dict>
			<key>isa</key>
			<string>PBXFileReference</string>
			<key>lastKnownFileType</key>
			<string>sourcecode.swift</string>
			<key>path</key>
			<string>ControlCenterRootView.swift</string>
			<key>sourceTree</key>
			<string>&lt;group&gt;</string>
		</dict>
		<key>B00000000000000000000003</key>
		<dict>
			<key>isa</key>
			<string>PBXFileReference</string>
			<key>lastKnownFileType</key>
			<string>sourcecode.swift</string>
			<key>path</key>
			<string>ShellBootstrap.swift</string>
			<key>sourceTree</key>
			<string>&lt;group&gt;</string>
		</dict>
		<key>B00000000000000000000004</key>
		<dict>
			<key>isa</key>
			<string>PBXFileReference</string>
			<key>lastKnownFileType</key>
			<string>sourcecode.swift</string>
			<key>path</key>
			<string>ShellModels.swift</string>
			<key>sourceTree</key>
			<string>&lt;group&gt;</string>
		</dict>
		<key>B00000000000000000000005</key>
		<dict>
			<key>isa</key>
			<string>PBXFileReference</string>
			<key>lastKnownFileType</key>
			<string>sourcecode.swift</string>
			<key>path</key>
			<string>ShellStores.swift</string>
			<key>sourceTree</key>
			<string>&lt;group&gt;</string>
		</dict>
		<key>B00000000000000000000006</key>
		<dict>
			<key>isa</key>
			<string>PBXFileReference</string>
			<key>explicitFileType</key>
			<string>wrapper.application</string>
			<key>includeInIndex</key>
			<string>0</string>
			<key>path</key>
			<string>AetherflowControlCenter.app</string>
			<key>sourceTree</key>
			<string>BUILT_PRODUCTS_DIR</string>
		</dict>
		<key>C00000000000000000000001</key>
		<dict>
			<key>isa</key>
			<string>PBXFrameworksBuildPhase</string>
			<key>buildActionMask</key>
			<string>2147483647</string>
			<key>files</key>
			<array/>
			<key>runOnlyForDeploymentPostprocessing</key>
			<string>0</string>
		</dict>
		<key>C00000000000000000000002</key>
		<dict>
			<key>isa</key>
			<string>PBXSourcesBuildPhase</string>
			<key>buildActionMask</key>
			<string>2147483647</string>
			<key>files</key>
			<array>
				<string>A00000000000000000000001</string>
				<string>A00000000000000000000002</string>
				<string>A00000000000000000000003</string>
				<string>A00000000000000000000004</string>
				<string>A00000000000000000000005</string>
			</array>
			<key>runOnlyForDeploymentPostprocessing</key>
			<string>0</string>
		</dict>
		<key>C00000000000000000000003</key>
		<dict>
			<key>isa</key>
			<string>PBXResourcesBuildPhase</string>
			<key>buildActionMask</key>
			<string>2147483647</string>
			<key>files</key>
			<array/>
			<key>runOnlyForDeploymentPostprocessing</key>
			<string>0</string>
		</dict>
		<key>D00000000000000000000001</key>
		<dict>
			<key>isa</key>
			<string>PBXGroup</string>
			<key>children</key>
			<array>
				<string>D00000000000000000000002</string>
				<string>D00000000000000000000003</string>
			</array>
			<key>sourceTree</key>
			<string>&lt;group&gt;</string>
		</dict>
		<key>D00000000000000000000002</key>
		<dict>
			<key>isa</key>
			<string>PBXGroup</string>
			<key>children</key>
			<array>
				<string>D00000000000000000000004</string>
			</array>
			<key>path</key>
			<string>Sources</string>
			<key>sourceTree</key>
			<string>&lt;group&gt;</string>
		</dict>
		<key>D00000000000000000000003</key>
		<dict>
			<key>isa</key>
			<string>PBXGroup</string>
			<key>children</key>
			<array>
				<string>B00000000000000000000006</string>
			</array>
			<key>name</key>
			<string>Products</string>
			<key>sourceTree</key>
			<string>&lt;group&gt;</string>
		</dict>
		<key>D00000000000000000000004</key>
		<dict>
			<key>isa</key>
			<string>PBXGroup</string>
			<key>children</key>
			<array>
				<string>B00000000000000000000001</string>
				<string>B00000000000000000000002</string>
				<string>B00000000000000000000003</string>
				<string>B00000000000000000000004</string>
				<string>B00000000000000000000005</string>
			</array>
			<key>path</key>
			<string>AetherflowControlCenter</string>
			<key>sourceTree</key>
			<string>&lt;group&gt;</string>
		</dict>
		<key>E00000000000000000000001</key>
		<dict>
			<key>isa</key>
			<string>PBXNativeTarget</string>
			<key>buildConfigurationList</key>
			<string>F00000000000000000000001</string>
			<key>buildPhases</key>
			<array>
				<string>C00000000000000000000002</string>
				<string>C00000000000000000000001</string>
				<string>C00000000000000000000003</string>
			</array>
			<key>buildRules</key>
			<array/>
			<key>dependencies</key>
			<array/>
			<key>name</key>
			<string>AetherflowControlCenter</string>
			<key>productName</key>
			<string>AetherflowControlCenter</string>
			<key>productReference</key>
			<string>B00000000000000000000006</string>
			<key>productType</key>
			<string>com.apple.product-type.application</string>
		</dict>
		<key>E00000000000000000000002</key>
		<dict>
			<key>isa</key>
			<string>PBXProject</string>
			<key>attributes</key>
			<dict>
				<key>BuildIndependentTargetsInParallel</key>
				<string>1</string>
				<key>LastSwiftUpdateCheck</key>
				<string>2603</string>
				<key>LastUpgradeCheck</key>
				<string>2603</string>
				<key>TargetAttributes</key>
				<dict>
					<key>E00000000000000000000001</key>
					<dict>
						<key>CreatedOnToolsVersion</key>
						<string>26.3</string>
					</dict>
				</dict>
			</dict>
			<key>buildConfigurationList</key>
			<string>F00000000000000000000002</string>
			<key>compatibilityVersion</key>
			<string>Xcode 16.0</string>
			<key>developmentRegion</key>
			<string>en</string>
			<key>hasScannedForEncodings</key>
			<string>0</string>
			<key>knownRegions</key>
			<array>
				<string>en</string>
				<string>Base</string>
			</array>
			<key>mainGroup</key>
			<string>D00000000000000000000001</string>
			<key>productRefGroup</key>
			<string>D00000000000000000000003</string>
			<key>projectDirPath</key>
			<string></string>
			<key>projectRoot</key>
			<string></string>
			<key>targets</key>
			<array>
				<string>E00000000000000000000001</string>
			</array>
		</dict>
		<key>F00000000000000000000003</key>
		<dict>
			<key>isa</key>
			<string>XCBuildConfiguration</string>
			<key>buildSettings</key>
			<dict>
				<key>ALWAYS_SEARCH_USER_PATHS</key>
				<string>NO</string>
				<key>CLANG_ENABLE_MODULES</key>
				<string>YES</string>
				<key>CLANG_ENABLE_OBJC_ARC</key>
				<string>YES</string>
				<key>COPY_PHASE_STRIP</key>
				<string>NO</string>
				<key>DEBUG_INFORMATION_FORMAT</key>
				<string>dwarf</string>
				<key>ENABLE_STRICT_OBJC_MSGSEND</key>
				<string>YES</string>
				<key>GCC_C_LANGUAGE_STANDARD</key>
				<string>gnu17</string>
				<key>MACOSX_DEPLOYMENT_TARGET</key>
				<string>14.0</string>
				<key>SDKROOT</key>
				<string>macosx</string>
				<key>SWIFT_VERSION</key>
				<string>6.0</string>
			</dict>
			<key>name</key>
			<string>Debug</string>
		</dict>
		<key>F00000000000000000000004</key>
		<dict>
			<key>isa</key>
			<string>XCBuildConfiguration</string>
			<key>buildSettings</key>
			<dict>
				<key>ALWAYS_SEARCH_USER_PATHS</key>
				<string>NO</string>
				<key>CLANG_ENABLE_MODULES</key>
				<string>YES</string>
				<key>CLANG_ENABLE_OBJC_ARC</key>
				<string>YES</string>
				<key>COPY_PHASE_STRIP</key>
				<string>NO</string>
				<key>DEBUG_INFORMATION_FORMAT</key>
				<string>dwarf-with-dsym</string>
				<key>ENABLE_NS_ASSERTIONS</key>
				<string>NO</string>
				<key>ENABLE_STRICT_OBJC_MSGSEND</key>
				<string>YES</string>
				<key>GCC_C_LANGUAGE_STANDARD</key>
				<string>gnu17</string>
				<key>MACOSX_DEPLOYMENT_TARGET</key>
				<string>14.0</string>
				<key>SDKROOT</key>
				<string>macosx</string>
				<key>SWIFT_VERSION</key>
				<string>6.0</string>
			</dict>
			<key>name</key>
			<string>Release</string>
		</dict>
		<key>F00000000000000000000005</key>
		<dict>
			<key>isa</key>
			<string>XCBuildConfiguration</string>
			<key>buildSettings</key>
			<dict>
				<key>CODE_SIGN_STYLE</key>
				<string>Automatic</string>
				<key>CURRENT_PROJECT_VERSION</key>
				<string>1</string>
				<key>GENERATE_INFOPLIST_FILE</key>
				<string>YES</string>
				<key>INFOPLIST_KEY_CFBundleDisplayName</key>
				<string>Aetherflow Control Center</string>
				<key>INFOPLIST_KEY_LSApplicationCategoryType</key>
				<string>public.app-category.developer-tools</string>
				<key>LD_RUNPATH_SEARCH_PATHS</key>
				<array>
					<string>$(inherited)</string>
					<string>@executable_path/../Frameworks</string>
				</array>
				<key>MACOSX_DEPLOYMENT_TARGET</key>
				<string>14.0</string>
				<key>PRODUCT_BUNDLE_IDENTIFIER</key>
				<string>com.baiirun.aetherflow.controlcenter</string>
				<key>PRODUCT_NAME</key>
				<string>$(TARGET_NAME)</string>
				<key>SDKROOT</key>
				<string>macosx</string>
				<key>SWIFT_EMIT_LOC_STRINGS</key>
				<string>NO</string>
				<key>SWIFT_VERSION</key>
				<string>6.0</string>
			</dict>
			<key>name</key>
			<string>Debug</string>
		</dict>
		<key>F00000000000000000000006</key>
		<dict>
			<key>isa</key>
			<string>XCBuildConfiguration</string>
			<key>buildSettings</key>
			<dict>
				<key>CODE_SIGN_STYLE</key>
				<string>Automatic</string>
				<key>CURRENT_PROJECT_VERSION</key>
				<string>1</string>
				<key>GENERATE_INFOPLIST_FILE</key>
				<string>YES</string>
				<key>INFOPLIST_KEY_CFBundleDisplayName</key>
				<string>Aetherflow Control Center</string>
				<key>INFOPLIST_KEY_LSApplicationCategoryType</key>
				<string>public.app-category.developer-tools</string>
				<key>LD_RUNPATH_SEARCH_PATHS</key>
				<array>
					<string>$(inherited)</string>
					<string>@executable_path/../Frameworks</string>
				</array>
				<key>MACOSX_DEPLOYMENT_TARGET</key>
				<string>14.0</string>
				<key>PRODUCT_BUNDLE_IDENTIFIER</key>
				<string>com.baiirun.aetherflow.controlcenter</string>
				<key>PRODUCT_NAME</key>
				<string>$(TARGET_NAME)</string>
				<key>SDKROOT</key>
				<string>macosx</string>
				<key>SWIFT_EMIT_LOC_STRINGS</key>
				<string>NO</string>
				<key>SWIFT_VERSION</key>
				<string>6.0</string>
			</dict>
			<key>name</key>
			<string>Release</string>
		</dict>
		<key>F00000000000000000000001</key>
		<dict>
			<key>isa</key>
			<string>XCConfigurationList</string>
			<key>buildConfigurations</key>
			<array>
				<string>F00000000000000000000005</string>
				<string>F00000000000000000000006</string>
			</array>
			<key>defaultConfigurationIsVisible</key>
			<string>0</string>
			<key>defaultConfigurationName</key>
			<string>Release</string>
		</dict>
		<key>F00000000000000000000002</key>
		<dict>
			<key>isa</key>
			<string>XCConfigurationList</string>
			<key>buildConfigurations</key>
			<array>
				<string>F00000000000000000000003</string>
				<string>F00000000000000000000004</string>
			</array>
			<key>defaultConfigurationIsVisible</key>
			<string>0</string>
			<key>defaultConfigurationName</key>
			<string>Release</string>
		</dict>
	</dict>
	<key>rootObject</key>
	<string>E00000000000000000000002</string>
</dict>
</plist>
